
Microsoft Visual Studio Solution File, Format Version 12.00
# Visual Studio Version 17
VisualStudioVersion = 17.9.34728.123
MinimumVisualStudioVersion = 10.0.40219.1
Project("{FAE04EC0-301F-11D3-BF4B-00C04F79EFBC}") = "DemaConsulting.SpdxModel", "src\DemaConsulting.SpdxModel\DemaConsulting.SpdxModel.csproj", "{759F5684-87FC-44C9-A59E-3978F9499521}"
EndProject
Project("{FAE04EC0-301F-11D3-BF4B-00C04F79EFBC}") = "DemaConsulting.SpdxModel.Tests", "test\DemaConsulting.SpdxModel.Tests\DemaConsulting.SpdxModel.Tests.csproj", "{DB44502E-B849-4C45-BA4C-656BA56CEC9C}"
EndProject
Global
	GlobalSection(SolutionConfigurationPlatforms) = preSolution
		Debug|Any CPU = Debug|Any CPU
		Release|Any CPU = Release|Any CPU
	EndGlobalSection
	GlobalSection(ProjectConfigurationPlatforms) = postSolution
		{759F5684-87FC-44C9-A59E-3978F9499521}.Debug|Any CPU.ActiveCfg = Debug|Any CPU
		{759F5684-87FC-44C9-A59E-3978F9499521}.Debug|Any CPU.Build.0 = Debug|Any CPU
		{759F5684-87FC-44C9-A59E-3978F9499521}.Release|Any CPU.ActiveCfg = Release|Any CPU
		{759F5684-87FC-44C9-A59E-3978F9499521}.Release|Any CPU.Build.0 = Release|Any CPU
		{DB44502E-B849-4C45-BA4C-656BA56CEC9C}.Debug|Any CPU.ActiveCfg = Debug|Any CPU
		{DB44502E-B849-4C45-BA4C-656BA56CEC9C}.Debug|Any CPU.Build.0 = Debug|Any CPU
		{DB44502E-B849-4C45-BA4C-656BA56CEC9C}.Release|Any CPU.ActiveCfg = Release|Any CPU
		{DB44502E-B849-4C45-BA4C-656BA56CEC9C}.Release|Any CPU.Build.0 = Release|Any CPU
	EndGlobalSection
	GlobalSection(SolutionProperties) = preSolution
		HideSolutionNode = FALSE
	EndGlobalSection
	GlobalSection(ExtensibilityGlobals) = postSolution
		SolutionGuid = {9B350909-23C9-4C73-8543-9DE13269D6DA}
	EndGlobalSection
EndGlobal
